{
  "name": "atari",
  "version": "1.0.0",
  "lockfileVersion": 1,
  "requires": true,
  "dependencies": {
    "pcejs-atarist": {
      "version": "0.1.5",
      "resolved": "https://registry.npmjs.org/pcejs-atarist/-/pcejs-atarist-0.1.5.tgz",
      "integrity": "sha1-C/xYKaCFukggeqcagz2GOyq8qBQ=",
      "requires": {
        "xtend": "^3.0.0"
      }
    },
    "pcejs-util": {
      "version": "0.1.0",
      "resolved": "https://registry.npmjs.org/pcejs-util/-/pcejs-util-0.1.0.tgz",
      "integrity": "sha1-owiI4LzeV++K9ByuWUVZ7n6xNzc="
    },
    "xtend": {
      "version": "3.0.0",
      "resolved": "https://registry.npmjs.org/xtend/-/xtend-3.0.0.tgz",
      "integrity": "sha1-XM50B7r2Qsunvs2laBEcST9ZZlo="
    }
  }
}
